
Microsoft Visual Studio Solution File, Format Version 12.00
# Visual Studio Version 16
VisualStudioVersion = 16.0.30413.136
MinimumVisualStudioVersion = 10.0.40219.1
Project("{9A19103F-16F7-4668-BE54-9A1E7A4F7556}") = "BlazorFFT", "BlazorFFT\BlazorFFT.csproj", "{C086FD6B-8E01-4910-BFE7-52C480D6E3AB}"
EndProject
Global
	GlobalSection(SolutionConfigurationPlatforms) = preSolution
		Debug|Any CPU = Debug|Any CPU
		Release|Any CPU = Release|Any CPU
	EndGlobalSection
	GlobalSection(ProjectConfigurationPlatforms) = postSolution
		{C086FD6B-8E01-4910-BFE7-52C480D6E3AB}.Debug|Any CPU.ActiveCfg = Debug|Any CPU
		{C086FD6B-8E01-4910-BFE7-52C480D6E3AB}.Debug|Any CPU.Build.0 = Debug|Any CPU
		{C086FD6B-8E01-4910-BFE7-52C480D6E3AB}.Release|Any CPU.ActiveCfg = Release|Any CPU
		{C086FD6B-8E01-4910-BFE7-52C480D6E3AB}.Release|Any CPU.Build.0 = Release|Any CPU
	EndGlobalSection
	GlobalSection(SolutionProperties) = preSolution
		HideSolutionNode = FALSE
	EndGlobalSection
	GlobalSection(ExtensibilityGlobals) = postSolution
		SolutionGuid = {9557D757-1FE8-4949-A6BA-BE3B947D4425}
	EndGlobalSection
EndGlobal
